// !$*UTF8*$!
{
	archiveVersion = 1;
	classes = {
	};
	objectVersion = 46;
	objects = {

/* Begin PBXBuildFile section */
		1904D63D16F45DB7006B820D /* UIKit.framework in Frameworks */ = {isa = PBXBuildFile; fileRef = 1904D63C16F45DB7006B820D /* UIKit.framework */; };
		1904D63F16F45DB7006B820D /* Foundation.framework in Frameworks */ = {isa = PBXBuildFile; fileRef = 1904D63E16F45DB7006B820D /* Foundation.framework */; };
		1904D64116F45DB7006B820D /* CoreGraphics.framework in Frameworks */ = {isa = PBXBuildFile; fileRef = 1904D64016F45DB7006B820D /* CoreGraphics.framework */; };
		1904D64716F45DB7006B820D /* InfoPlist.strings in Resources */ = {isa = PBXBuildFile; fileRef = 1904D64516F45DB7006B820D /* InfoPlist.strings */; };
		1904D64916F45DB7006B820D /* main.m in Sources */ = {isa = PBXBuildFile; fileRef = 1904D64816F45DB7006B820D /* main.m */; };
		1904D64D16F45DB7006B820D /* AppDelegate.m in Sources */ = {isa = PBXBuildFile; fileRef = 1904D64C16F45DB7006B820D /* AppDelegate.m */; };
		1904D64F16F45DB7006B820D /* Default.png in Resources */ = {isa = PBXBuildFile; fileRef = 1904D64E16F45DB7006B820D /* Default.png */; };
		1904D65116F45DB7006B820D /* Default@2x.png in Resources */ = {isa = PBXBuildFile; fileRef = 1904D65016F45DB7006B820D /* Default@2x.png */; };
		1904D65316F45DB7006B820D /* Default-568h@2x.png in Resources */ = {isa = PBXBuildFile; fileRef = 1904D65216F45DB7006B820D /* Default-568h@2x.png */; };
		1904D65C16F482AF006B820D /* PrettyFormatter.m in Sources */ = {isa = PBXBuildFile; fileRef = 1904D65B16F482AF006B820D /* PrettyFormatter.m */; };
		23D1A149F143C420B9CA7FCD /* ViewController.m in Sources */ = {isa = PBXBuildFile; fileRef = 23D1A241BBC05FBA836B2DB2 /* ViewController.m */; };
/* End PBXBuildFile section */

/* Begin PBXFileReference section */
		1904D63916F45DB7006B820D /* PrettyFormatter.app */ = {isa = PBXFileReference; explicitFileType = wrapper.application; includeInIndex = 0; path = PrettyFormatter.app; sourceTree = BUILT_PRODUCTS_DIR; };
		1904D63C16F45DB7006B820D /* UIKit.framework */ = {isa = PBXFileReference; lastKnownFileType = wrapper.framework; name = UIKit.framework; path = System/Library/Frameworks/UIKit.framework; sourceTree = SDKROOT; };
		1904D63E16F45DB7006B820D /* Foundation.framework */ = {isa = PBXFileReference; lastKnownFileType = wrapper.framework; name = Foundation.framework; path = System/Library/Frameworks/Foundation.framework; sourceTree = SDKROOT; };
		1904D64016F45DB7006B820D /* CoreGraphics.framework */ = {isa = PBXFileReference; lastKnownFileType = wrapper.framework; name = CoreGraphics.framework; path = System/Library/Frameworks/CoreGraphics.framework; sourceTree = SDKROOT; };
		1904D64416F45DB7006B820D /* PrettyFormatter-Info.plist */ = {isa = PBXFileReference; lastKnownFileType = text.plist.xml; path = "PrettyFormatter-Info.plist"; sourceTree = "<group>"; };
		1904D64616F45DB7006B820D /* en */ = {isa = PBXFileReference; lastKnownFileType = text.plist.strings; name = en; path = en.lproj/InfoPlist.strings; sourceTree = "<group>"; };
		1904D64816F45DB7006B820D /* main.m */ = {isa = PBXFileReference; lastKnownFileType = sourcecode.c.objc; path = main.m; sourceTree = "<group>"; };
		1904D64A16F45DB7006B820D /* PrettyFormatter-Prefix.pch */ = {isa = PBXFileReference; lastKnownFileType = sourcecode.c.h; path = "PrettyFormatter-Prefix.pch"; sourceTree = "<group>"; };
		1904D64B16F45DB7006B820D /* AppDelegate.h */ = {isa = PBXFileReference; lastKnownFileType = sourcecode.c.h; path = AppDelegate.h; sourceTree = "<group>"; };
		1904D64C16F45DB7006B820D /* AppDelegate.m */ = {isa = PBXFileReference; lastKnownFileType = sourcecode.c.objc; path = AppDelegate.m; sourceTree = "<group>"; };
		1904D64E16F45DB7006B820D /* Default.png */ = {isa = PBXFileReference; lastKnownFileType = image.png; path = Default.png; sourceTree = "<group>"; };
		1904D65016F45DB7006B820D /* Default@2x.png */ = {isa = PBXFileReference; lastKnownFileType = image.png; path = "Default@2x.png"; sourceTree = "<group>"; };
		1904D65216F45DB7006B820D /* Default-568h@2x.png */ = {isa = PBXFileReference; lastKnownFileType = image.png; path = "Default-568h@2x.png"; sourceTree = "<group>"; };
		1904D65A16F482AF006B820D /* PrettyFormatter.h */ = {isa = PBXFileReference; fileEncoding = 4; lastKnownFileType = sourcecode.c.h; name = PrettyFormatter.h; path = Class/PrettyFormatter.h; sourceTree = "<group>"; };
		1904D65B16F482AF006B820D /* PrettyFormatter.m */ = {isa = PBXFileReference; fileEncoding = 4; lastKnownFileType = sourcecode.c.objc; name = PrettyFormatter.m; path = Class/PrettyFormatter.m; sourceTree = "<group>"; };
		23D1A1B3B04EF06C568B3FF6 /* ViewController.h */ = {isa = PBXFileReference; fileEncoding = 4; lastKnownFileType = sourcecode.c.h; path = ViewController.h; sourceTree = "<group>"; };
		23D1A241BBC05FBA836B2DB2 /* ViewController.m */ = {isa = PBXFileReference; fileEncoding = 4; lastKnownFileType = sourcecode.c.objc; path = ViewController.m; sourceTree = "<group>"; };
/* End PBXFileReference section */

/* Begin PBXFrameworksBuildPhase section */
		1904D63616F45DB7006B820D /* Frameworks */ = {
			isa = PBXFrameworksBuildPhase;
			buildActionMask = 2147483647;
			files = (
				1904D63D16F45DB7006B820D /* UIKit.framework in Frameworks */,
				1904D63F16F45DB7006B820D /* Foundation.framework in Frameworks */,
				1904D64116F45DB7006B820D /* CoreGraphics.framework in Frameworks */,
			);
			runOnlyForDeploymentPostprocessing = 0;
		};
/* End PBXFrameworksBuildPhase section */

/* Begin PBXGroup section */
		1904D63016F45DB7006B820D = {
			isa = PBXGroup;
			children = (
				1904D65916F45E01006B820D /* Class */,
				1904D64216F45DB7006B820D /* PrettyFormatter */,
				1904D63B16F45DB7006B820D /* Frameworks */,
				1904D63A16F45DB7006B820D /* Products */,
			);
			sourceTree = "<group>";
		};
		1904D63A16F45DB7006B820D /* Products */ = {
			isa = PBXGroup;
			children = (
				1904D63916F45DB7006B820D /* PrettyFormatter.app */,
			);
			name = Products;
			sourceTree = "<group>";
		};
		1904D63B16F45DB7006B820D /* Frameworks */ = {
			isa = PBXGroup;
			children = (
				1904D63C16F45DB7006B820D /* UIKit.framework */,
				1904D63E16F45DB7006B820D /* Foundation.framework */,
				1904D64016F45DB7006B820D /* CoreGraphics.framework */,
			);
			name = Frameworks;
			sourceTree = "<group>";
		};
		1904D64216F45DB7006B820D /* PrettyFormatter */ = {
			isa = PBXGroup;
			children = (
				1904D64B16F45DB7006B820D /* AppDelegate.h */,
				1904D64C16F45DB7006B820D /* AppDelegate.m */,
				1904D64316F45DB7006B820D /* Supporting Files */,
				23D1A241BBC05FBA836B2DB2 /* ViewController.m */,
				23D1A1B3B04EF06C568B3FF6 /* ViewController.h */,
			);
			path = PrettyFormatter;
			sourceTree = "<group>";
		};
		1904D64316F45DB7006B820D /* Supporting Files */ = {
			isa = PBXGroup;
			children = (
				1904D64416F45DB7006B820D /* PrettyFormatter-Info.plist */,
				1904D64516F45DB7006B820D /* InfoPlist.strings */,
				1904D64816F45DB7006B820D /* main.m */,
				1904D64A16F45DB7006B820D /* PrettyFormatter-Prefix.pch */,
				1904D64E16F45DB7006B820D /* Default.png */,
				1904D65016F45DB7006B820D /* Default@2x.png */,
				1904D65216F45DB7006B820D /* Default-568h@2x.png */,
			);
			name = "Supporting Files";
			sourceTree = "<group>";
		};
		1904D65916F45E01006B820D /* Class */ = {
			isa = PBXGroup;
			children = (
				1904D65A16F482AF006B820D /* PrettyFormatter.h */,
				1904D65B16F482AF006B820D /* PrettyFormatter.m */,
			);
			name = Class;
			sourceTree = "<group>";
		};
/* End PBXGroup section */

/* Begin PBXNativeTarget section */
		1904D63816F45DB7006B820D /* PrettyFormatter */ = {
			isa = PBXNativeTarget;
			buildConfigurationList = 1904D65616F45DB7006B820D /* Build configuration list for PBXNativeTarget "PrettyFormatter" */;
			buildPhases = (
				1904D63516F45DB7006B820D /* Sources */,
				1904D63616F45DB7006B820D /* Frameworks */,
				1904D63716F45DB7006B820D /* Resources */,
			);
			buildRules = (
			);
			dependencies = (
			);
			name = PrettyFormatter;
			productName = PrettyFormatter;
			productReference = 1904D63916F45DB7006B820D /* PrettyFormatter.app */;
			productType = "com.apple.product-type.application";
		};
/* End PBXNativeTarget section */

/* Begin PBXProject section */
		1904D63116F45DB7006B820D /* Project object */ = {
			isa = PBXProject;
			attributes = {
				LastUpgradeCheck = 0460;
				ORGANIZATIONNAME = ThousandSquare;
			};
			buildConfigurationList = 1904D63416F45DB7006B820D /* Build configuration list for PBXProject "PrettyFormatter" */;
			compatibilityVersion = "Xcode 3.2";
			developmentRegion = English;
			hasScannedForEncodings = 0;
			knownRegions = (
				en,
			);
			mainGroup = 1904D63016F45DB7006B820D;
			productRefGroup = 1904D63A16F45DB7006B820D /* Products */;
			projectDirPath = "";
			projectRoot = "";
			targets = (
				1904D63816F45DB7006B820D /* PrettyFormatter */,
			);
		};
/* End PBXProject section */

/* Begin PBXResourcesBuildPhase section */
		1904D63716F45DB7006B820D /* Resources */ = {
			isa = PBXResourcesBuildPhase;
			buildActionMask = 2147483647;
			files = (
				1904D64716F45DB7006B820D /* InfoPlist.strings in Resources */,
				1904D64F16F45DB7006B820D /* Default.png in Resources */,
				1904D65116F45DB7006B820D /* Default@2x.png in Resources */,
				1904D65316F45DB7006B820D /* Default-568h@2x.png in Resources */,
			);
			runOnlyForDeploymentPostprocessing = 0;
		};
/* End PBXResourcesBuildPhase section */

/* Begin PBXSourcesBuildPhase section */
		1904D63516F45DB7006B820D /* Sources */ = {
			isa = PBXSourcesBuildPhase;
			buildActionMask = 2147483647;
			files = (
				1904D64916F45DB7006B820D /* main.m in Sources */,
				1904D64D16F45DB7006B820D /* AppDelegate.m in Sources */,
				23D1A149F143C420B9CA7FCD /* ViewController.m in Sources */,
				1904D65C16F482AF006B820D /* PrettyFormatter.m in Sources */,
			);
			runOnlyForDeploymentPostprocessing = 0;
		};
/* End PBXSourcesBuildPhase section */

/* Begin PBXVariantGroup section */
		1904D64516F45DB7006B820D /* InfoPlist.strings */ = {
			isa = PBXVariantGroup;
			children = (
				1904D64616F45DB7006B820D /* en */,
			);
			name = InfoPlist.strings;
			sourceTree = "<group>";
		};
/* End PBXVariantGroup section */

/* Begin XCBuildConfiguration section */
		1904D65416F45DB7006B820D /* Debug */ = {
			isa = XCBuildConfiguration;
			buildSettings = {
				ALWAYS_SEARCH_USER_PATHS = NO;
				CLANG_CXX_LANGUAGE_STANDARD = "gnu++0x";
				CLANG_CXX_LIBRARY = "libc++";
				CLANG_WARN_CONSTANT_CONVERSION = YES;
				CLANG_WARN_EMPTY_BODY = YES;
				CLANG_WARN_ENUM_CONVERSION = YES;
				CLANG_WARN_INT_CONVERSION = YES;
				CLANG_WARN__DUPLICATE_METHOD_MATCH = YES;
				"CODE_SIGN_IDENTITY[sdk=iphoneos*]" = "iPhone Developer";
				COPY_PHASE_STRIP = NO;
				GCC_C_LANGUAGE_STANDARD = gnu99;
				GCC_DYNAMIC_NO_PIC = NO;
				GCC_OPTIMIZATION_LEVEL = 0;
				GCC_PREPROCESSOR_DEFINITIONS = (
					"DEBUG=1",
					"$(inherited)",
				);
				GCC_SYMBOLS_PRIVATE_EXTERN = NO;
				GCC_WARN_ABOUT_RETURN_TYPE = YES;
				GCC_WARN_UNINITIALIZED_AUTOS = YES;
				GCC_WARN_UNUSED_VARIABLE = YES;
				IPHONEOS_DEPLOYMENT_TARGET = 6.1;
				ONLY_ACTIVE_ARCH = YES;
				SDKROOT = iphoneos;
				TARGETED_DEVICE_FAMILY = "1,2";
			};
			name = Debug;
		};
		1904D65516F45DB7006B820D /* Release */ = {
			isa = XCBuildConfiguration;
			buildSettings = {
				ALWAYS_SEARCH_USER_PATHS = NO;
				CLANG_CXX_LANGUAGE_STANDARD = "gnu++0x";
				CLANG_CXX_LIBRARY = "libc++";
				CLANG_WARN_CONSTANT_CONVERSION = YES;
				CLANG_WARN_EMPTY_BODY = YES;
				CLANG_WARN_ENUM_CONVERSION = YES;
				CLANG_WARN_INT_CONVERSION = YES;
				CLANG_WARN__DUPLICATE_METHOD_MATCH = YES;
				"CODE_SIGN_IDENTITY[sdk=iphoneos*]" = "iPhone Developer";
				COPY_PHASE_STRIP = YES;
				GCC_C_LANGUAGE_STANDARD = gnu99;
				GCC_WARN_ABOUT_RETURN_TYPE = YES;
				GCC_WARN_UNINITIALIZED_AUTOS = YES;
				GCC_WARN_UNUSED_VARIABLE = YES;
				IPHONEOS_DEPLOYMENT_TARGET = 6.1;
				OTHER_CFLAGS = "-DNS_BLOCK_ASSERTIONS=1";
				SDKROOT = iphoneos;
				TARGETED_DEVICE_FAMILY = "1,2";
				VALIDATE_PRODUCT = YES;
			};
			name = Release;
		};
		1904D65716F45DB7006B820D /* Debug */ = {
			isa = XCBuildConfiguration;
			buildSettings = {
				GCC_PRECOMPILE_PREFIX_HEADER = YES;
				GCC_PREFIX_HEADER = "PrettyFormatter/PrettyFormatter-Prefix.pch";
				INFOPLIST_FILE = "PrettyFormatter/PrettyFormatter-Info.plist";
				PRODUCT_NAME = "$(TARGET_NAME)";
				WRAPPER_EXTENSION = app;
			};
			name = Debug;
		};
		1904D65816F45DB7006B820D /* Release */ = {
			isa = XCBuildConfiguration;
			buildSettings = {
				GCC_PRECOMPILE_PREFIX_HEADER = YES;
				GCC_PREFIX_HEADER = "PrettyFormatter/PrettyFormatter-Prefix.pch";
				INFOPLIST_FILE = "PrettyFormatter/PrettyFormatter-Info.plist";
				PRODUCT_NAME = "$(TARGET_NAME)";
				WRAPPER_EXTENSION = app;
			};
			name = Release;
		};
/* End XCBuildConfiguration section */

/* Begin XCConfigurationList section */
		1904D63416F45DB7006B820D /* Build configuration list for PBXProject "PrettyFormatter" */ = {
			isa = XCConfigurationList;
			buildConfigurations = (
				1904D65416F45DB7006B820D /* Debug */,
				1904D65516F45DB7006B820D /* Release */,
			);
			defaultConfigurationIsVisible = 0;
			defaultConfigurationName = Release;
		};
		1904D65616F45DB7006B820D /* Build configuration list for PBXNativeTarget "PrettyFormatter" */ = {
			isa = XCConfigurationList;
			buildConfigurations = (
				1904D65716F45DB7006B820D /* Debug */,
				1904D65816F45DB7006B820D /* Release */,
			);
			defaultConfigurationIsVisible = 0;
			defaultConfigurationName = Release;
		};
/* End XCConfigurationList section */
	};
	rootObject = 1904D63116F45DB7006B820D /* Project object */;
}
