// !$*UTF8*$!
{
	archiveVersion = 1;
	classes = {
	};
	objectVersion = 46;
	objects = {

/* Begin PBXBuildFile section */
		19FFFD2A1723BAFC00E1E05E /* UIKit.framework in Frameworks */ = {isa = PBXBuildFile; fileRef = 19FFFD291723BAFC00E1E05E /* UIKit.framework */; };
		19FFFD2C1723BAFC00E1E05E /* Foundation.framework in Frameworks */ = {isa = PBXBuildFile; fileRef = 19FFFD2B1723BAFC00E1E05E /* Foundation.framework */; };
		19FFFD2E1723BAFC00E1E05E /* CoreGraphics.framework in Frameworks */ = {isa = PBXBuildFile; fileRef = 19FFFD2D1723BAFC00E1E05E /* CoreGraphics.framework */; };
		19FFFD341723BAFC00E1E05E /* InfoPlist.strings in Resources */ = {isa = PBXBuildFile; fileRef = 19FFFD321723BAFC00E1E05E /* InfoPlist.strings */; };
		19FFFD361723BAFC00E1E05E /* main.m in Sources */ = {isa = PBXBuildFile; fileRef = 19FFFD351723BAFC00E1E05E /* main.m */; };
		19FFFD3A1723BAFC00E1E05E /* AppDelegate.m in Sources */ = {isa = PBXBuildFile; fileRef = 19FFFD391723BAFC00E1E05E /* AppDelegate.m */; };
		19FFFD3C1723BAFC00E1E05E /* Default.png in Resources */ = {isa = PBXBuildFile; fileRef = 19FFFD3B1723BAFC00E1E05E /* Default.png */; };
		19FFFD3E1723BAFC00E1E05E /* Default@2x.png in Resources */ = {isa = PBXBuildFile; fileRef = 19FFFD3D1723BAFC00E1E05E /* Default@2x.png */; };
		19FFFD401723BAFC00E1E05E /* Default-568h@2x.png in Resources */ = {isa = PBXBuildFile; fileRef = 19FFFD3F1723BAFC00E1E05E /* Default-568h@2x.png */; };
		19FFFD431723BAFC00E1E05E /* ViewController.m in Sources */ = {isa = PBXBuildFile; fileRef = 19FFFD421723BAFC00E1E05E /* ViewController.m */; };
		19FFFD461723BAFC00E1E05E /* ViewController_iPhone.xib in Resources */ = {isa = PBXBuildFile; fileRef = 19FFFD441723BAFC00E1E05E /* ViewController_iPhone.xib */; };
		19FFFD491723BAFC00E1E05E /* ViewController_iPad.xib in Resources */ = {isa = PBXBuildFile; fileRef = 19FFFD471723BAFC00E1E05E /* ViewController_iPad.xib */; };
/* End PBXBuildFile section */

/* Begin PBXFileReference section */
		19FFFD261723BAFC00E1E05E /* UILabelPadding.app */ = {isa = PBXFileReference; explicitFileType = wrapper.application; includeInIndex = 0; path = UILabelPadding.app; sourceTree = BUILT_PRODUCTS_DIR; };
		19FFFD291723BAFC00E1E05E /* UIKit.framework */ = {isa = PBXFileReference; lastKnownFileType = wrapper.framework; name = UIKit.framework; path = System/Library/Frameworks/UIKit.framework; sourceTree = SDKROOT; };
		19FFFD2B1723BAFC00E1E05E /* Foundation.framework */ = {isa = PBXFileReference; lastKnownFileType = wrapper.framework; name = Foundation.framework; path = System/Library/Frameworks/Foundation.framework; sourceTree = SDKROOT; };
		19FFFD2D1723BAFC00E1E05E /* CoreGraphics.framework */ = {isa = PBXFileReference; lastKnownFileType = wrapper.framework; name = CoreGraphics.framework; path = System/Library/Frameworks/CoreGraphics.framework; sourceTree = SDKROOT; };
		19FFFD311723BAFC00E1E05E /* UILabelPadding-Info.plist */ = {isa = PBXFileReference; lastKnownFileType = text.plist.xml; path = "UILabelPadding-Info.plist"; sourceTree = "<group>"; };
		19FFFD331723BAFC00E1E05E /* en */ = {isa = PBXFileReference; lastKnownFileType = text.plist.strings; name = en; path = en.lproj/InfoPlist.strings; sourceTree = "<group>"; };
		19FFFD351723BAFC00E1E05E /* main.m */ = {isa = PBXFileReference; lastKnownFileType = sourcecode.c.objc; path = main.m; sourceTree = "<group>"; };
		19FFFD371723BAFC00E1E05E /* UILabelPadding-Prefix.pch */ = {isa = PBXFileReference; lastKnownFileType = sourcecode.c.h; path = "UILabelPadding-Prefix.pch"; sourceTree = "<group>"; };
		19FFFD381723BAFC00E1E05E /* AppDelegate.h */ = {isa = PBXFileReference; lastKnownFileType = sourcecode.c.h; path = AppDelegate.h; sourceTree = "<group>"; };
		19FFFD391723BAFC00E1E05E /* AppDelegate.m */ = {isa = PBXFileReference; lastKnownFileType = sourcecode.c.objc; path = AppDelegate.m; sourceTree = "<group>"; };
		19FFFD3B1723BAFC00E1E05E /* Default.png */ = {isa = PBXFileReference; lastKnownFileType = image.png; path = Default.png; sourceTree = "<group>"; };
		19FFFD3D1723BAFC00E1E05E /* Default@2x.png */ = {isa = PBXFileReference; lastKnownFileType = image.png; path = "Default@2x.png"; sourceTree = "<group>"; };
		19FFFD3F1723BAFC00E1E05E /* Default-568h@2x.png */ = {isa = PBXFileReference; lastKnownFileType = image.png; path = "Default-568h@2x.png"; sourceTree = "<group>"; };
		19FFFD411723BAFC00E1E05E /* ViewController.h */ = {isa = PBXFileReference; lastKnownFileType = sourcecode.c.h; path = ViewController.h; sourceTree = "<group>"; };
		19FFFD421723BAFC00E1E05E /* ViewController.m */ = {isa = PBXFileReference; lastKnownFileType = sourcecode.c.objc; path = ViewController.m; sourceTree = "<group>"; };
		19FFFD451723BAFC00E1E05E /* en */ = {isa = PBXFileReference; lastKnownFileType = file.xib; name = en; path = en.lproj/ViewController_iPhone.xib; sourceTree = "<group>"; };
		19FFFD481723BAFC00E1E05E /* en */ = {isa = PBXFileReference; lastKnownFileType = file.xib; name = en; path = en.lproj/ViewController_iPad.xib; sourceTree = "<group>"; };
/* End PBXFileReference section */

/* Begin PBXFrameworksBuildPhase section */
		19FFFD231723BAFC00E1E05E /* Frameworks */ = {
			isa = PBXFrameworksBuildPhase;
			buildActionMask = 2147483647;
			files = (
				19FFFD2A1723BAFC00E1E05E /* UIKit.framework in Frameworks */,
				19FFFD2C1723BAFC00E1E05E /* Foundation.framework in Frameworks */,
				19FFFD2E1723BAFC00E1E05E /* CoreGraphics.framework in Frameworks */,
			);
			runOnlyForDeploymentPostprocessing = 0;
		};
/* End PBXFrameworksBuildPhase section */

/* Begin PBXGroup section */
		19FFFD1D1723BAFC00E1E05E = {
			isa = PBXGroup;
			children = (
				19FFFD2F1723BAFC00E1E05E /* UILabelPadding */,
				19FFFD281723BAFC00E1E05E /* Frameworks */,
				19FFFD271723BAFC00E1E05E /* Products */,
			);
			sourceTree = "<group>";
		};
		19FFFD271723BAFC00E1E05E /* Products */ = {
			isa = PBXGroup;
			children = (
				19FFFD261723BAFC00E1E05E /* UILabelPadding.app */,
			);
			name = Products;
			sourceTree = "<group>";
		};
		19FFFD281723BAFC00E1E05E /* Frameworks */ = {
			isa = PBXGroup;
			children = (
				19FFFD291723BAFC00E1E05E /* UIKit.framework */,
				19FFFD2B1723BAFC00E1E05E /* Foundation.framework */,
				19FFFD2D1723BAFC00E1E05E /* CoreGraphics.framework */,
			);
			name = Frameworks;
			sourceTree = "<group>";
		};
		19FFFD2F1723BAFC00E1E05E /* UILabelPadding */ = {
			isa = PBXGroup;
			children = (
				19FFFD381723BAFC00E1E05E /* AppDelegate.h */,
				19FFFD391723BAFC00E1E05E /* AppDelegate.m */,
				19FFFD411723BAFC00E1E05E /* ViewController.h */,
				19FFFD421723BAFC00E1E05E /* ViewController.m */,
				19FFFD441723BAFC00E1E05E /* ViewController_iPhone.xib */,
				19FFFD471723BAFC00E1E05E /* ViewController_iPad.xib */,
				19FFFD301723BAFC00E1E05E /* Supporting Files */,
			);
			path = UILabelPadding;
			sourceTree = "<group>";
		};
		19FFFD301723BAFC00E1E05E /* Supporting Files */ = {
			isa = PBXGroup;
			children = (
				19FFFD311723BAFC00E1E05E /* UILabelPadding-Info.plist */,
				19FFFD321723BAFC00E1E05E /* InfoPlist.strings */,
				19FFFD351723BAFC00E1E05E /* main.m */,
				19FFFD371723BAFC00E1E05E /* UILabelPadding-Prefix.pch */,
				19FFFD3B1723BAFC00E1E05E /* Default.png */,
				19FFFD3D1723BAFC00E1E05E /* Default@2x.png */,
				19FFFD3F1723BAFC00E1E05E /* Default-568h@2x.png */,
			);
			name = "Supporting Files";
			sourceTree = "<group>";
		};
/* End PBXGroup section */

/* Begin PBXNativeTarget section */
		19FFFD251723BAFC00E1E05E /* UILabelPadding */ = {
			isa = PBXNativeTarget;
			buildConfigurationList = 19FFFD4C1723BAFC00E1E05E /* Build configuration list for PBXNativeTarget "UILabelPadding" */;
			buildPhases = (
				19FFFD221723BAFC00E1E05E /* Sources */,
				19FFFD231723BAFC00E1E05E /* Frameworks */,
				19FFFD241723BAFC00E1E05E /* Resources */,
			);
			buildRules = (
			);
			dependencies = (
			);
			name = UILabelPadding;
			productName = UILabelPadding;
			productReference = 19FFFD261723BAFC00E1E05E /* UILabelPadding.app */;
			productType = "com.apple.product-type.application";
		};
/* End PBXNativeTarget section */

/* Begin PBXProject section */
		19FFFD1E1723BAFC00E1E05E /* Project object */ = {
			isa = PBXProject;
			attributes = {
				LastUpgradeCheck = 0460;
				ORGANIZATIONNAME = ThousandSquare;
			};
			buildConfigurationList = 19FFFD211723BAFC00E1E05E /* Build configuration list for PBXProject "UILabelPadding" */;
			compatibilityVersion = "Xcode 3.2";
			developmentRegion = English;
			hasScannedForEncodings = 0;
			knownRegions = (
				en,
			);
			mainGroup = 19FFFD1D1723BAFC00E1E05E;
			productRefGroup = 19FFFD271723BAFC00E1E05E /* Products */;
			projectDirPath = "";
			projectRoot = "";
			targets = (
				19FFFD251723BAFC00E1E05E /* UILabelPadding */,
			);
		};
/* End PBXProject section */

/* Begin PBXResourcesBuildPhase section */
		19FFFD241723BAFC00E1E05E /* Resources */ = {
			isa = PBXResourcesBuildPhase;
			buildActionMask = 2147483647;
			files = (
				19FFFD341723BAFC00E1E05E /* InfoPlist.strings in Resources */,
				19FFFD3C1723BAFC00E1E05E /* Default.png in Resources */,
				19FFFD3E1723BAFC00E1E05E /* Default@2x.png in Resources */,
				19FFFD401723BAFC00E1E05E /* Default-568h@2x.png in Resources */,
				19FFFD461723BAFC00E1E05E /* ViewController_iPhone.xib in Resources */,
				19FFFD491723BAFC00E1E05E /* ViewController_iPad.xib in Resources */,
			);
			runOnlyForDeploymentPostprocessing = 0;
		};
/* End PBXResourcesBuildPhase section */

/* Begin PBXSourcesBuildPhase section */
		19FFFD221723BAFC00E1E05E /* Sources */ = {
			isa = PBXSourcesBuildPhase;
			buildActionMask = 2147483647;
			files = (
				19FFFD361723BAFC00E1E05E /* main.m in Sources */,
				19FFFD3A1723BAFC00E1E05E /* AppDelegate.m in Sources */,
				19FFFD431723BAFC00E1E05E /* ViewController.m in Sources */,
			);
			runOnlyForDeploymentPostprocessing = 0;
		};
/* End PBXSourcesBuildPhase section */

/* Begin PBXVariantGroup section */
		19FFFD321723BAFC00E1E05E /* InfoPlist.strings */ = {
			isa = PBXVariantGroup;
			children = (
				19FFFD331723BAFC00E1E05E /* en */,
			);
			name = InfoPlist.strings;
			sourceTree = "<group>";
		};
		19FFFD441723BAFC00E1E05E /* ViewController_iPhone.xib */ = {
			isa = PBXVariantGroup;
			children = (
				19FFFD451723BAFC00E1E05E /* en */,
			);
			name = ViewController_iPhone.xib;
			sourceTree = "<group>";
		};
		19FFFD471723BAFC00E1E05E /* ViewController_iPad.xib */ = {
			isa = PBXVariantGroup;
			children = (
				19FFFD481723BAFC00E1E05E /* en */,
			);
			name = ViewController_iPad.xib;
			sourceTree = "<group>";
		};
/* End PBXVariantGroup section */

/* Begin XCBuildConfiguration section */
		19FFFD4A1723BAFC00E1E05E /* Debug */ = {
			isa = XCBuildConfiguration;
			buildSettings = {
				ALWAYS_SEARCH_USER_PATHS = NO;
				CLANG_CXX_LANGUAGE_STANDARD = "gnu++0x";
				CLANG_CXX_LIBRARY = "libc++";
				CLANG_WARN_CONSTANT_CONVERSION = YES;
				CLANG_WARN_EMPTY_BODY = YES;
				CLANG_WARN_ENUM_CONVERSION = YES;
				CLANG_WARN_INT_CONVERSION = YES;
				CLANG_WARN__DUPLICATE_METHOD_MATCH = YES;
				"CODE_SIGN_IDENTITY[sdk=iphoneos*]" = "iPhone Developer";
				COPY_PHASE_STRIP = NO;
				GCC_C_LANGUAGE_STANDARD = gnu99;
				GCC_DYNAMIC_NO_PIC = NO;
				GCC_OPTIMIZATION_LEVEL = 0;
				GCC_PREPROCESSOR_DEFINITIONS = (
					"DEBUG=1",
					"$(inherited)",
				);
				GCC_SYMBOLS_PRIVATE_EXTERN = NO;
				GCC_WARN_ABOUT_RETURN_TYPE = YES;
				GCC_WARN_UNINITIALIZED_AUTOS = YES;
				GCC_WARN_UNUSED_VARIABLE = YES;
				IPHONEOS_DEPLOYMENT_TARGET = 6.1;
				ONLY_ACTIVE_ARCH = YES;
				SDKROOT = iphoneos;
				TARGETED_DEVICE_FAMILY = "1,2";
			};
			name = Debug;
		};
		19FFFD4B1723BAFC00E1E05E /* Release */ = {
			isa = XCBuildConfiguration;
			buildSettings = {
				ALWAYS_SEARCH_USER_PATHS = NO;
				CLANG_CXX_LANGUAGE_STANDARD = "gnu++0x";
				CLANG_CXX_LIBRARY = "libc++";
				CLANG_WARN_CONSTANT_CONVERSION = YES;
				CLANG_WARN_EMPTY_BODY = YES;
				CLANG_WARN_ENUM_CONVERSION = YES;
				CLANG_WARN_INT_CONVERSION = YES;
				CLANG_WARN__DUPLICATE_METHOD_MATCH = YES;
				"CODE_SIGN_IDENTITY[sdk=iphoneos*]" = "iPhone Developer";
				COPY_PHASE_STRIP = YES;
				GCC_C_LANGUAGE_STANDARD = gnu99;
				GCC_WARN_ABOUT_RETURN_TYPE = YES;
				GCC_WARN_UNINITIALIZED_AUTOS = YES;
				GCC_WARN_UNUSED_VARIABLE = YES;
				IPHONEOS_DEPLOYMENT_TARGET = 6.1;
				OTHER_CFLAGS = "-DNS_BLOCK_ASSERTIONS=1";
				SDKROOT = iphoneos;
				TARGETED_DEVICE_FAMILY = "1,2";
				VALIDATE_PRODUCT = YES;
			};
			name = Release;
		};
		19FFFD4D1723BAFC00E1E05E /* Debug */ = {
			isa = XCBuildConfiguration;
			buildSettings = {
				GCC_PRECOMPILE_PREFIX_HEADER = YES;
				GCC_PREFIX_HEADER = "UILabelPadding/UILabelPadding-Prefix.pch";
				INFOPLIST_FILE = "UILabelPadding/UILabelPadding-Info.plist";
				PRODUCT_NAME = "$(TARGET_NAME)";
				WRAPPER_EXTENSION = app;
			};
			name = Debug;
		};
		19FFFD4E1723BAFC00E1E05E /* Release */ = {
			isa = XCBuildConfiguration;
			buildSettings = {
				GCC_PRECOMPILE_PREFIX_HEADER = YES;
				GCC_PREFIX_HEADER = "UILabelPadding/UILabelPadding-Prefix.pch";
				INFOPLIST_FILE = "UILabelPadding/UILabelPadding-Info.plist";
				PRODUCT_NAME = "$(TARGET_NAME)";
				WRAPPER_EXTENSION = app;
			};
			name = Release;
		};
/* End XCBuildConfiguration section */

/* Begin XCConfigurationList section */
		19FFFD211723BAFC00E1E05E /* Build configuration list for PBXProject "UILabelPadding" */ = {
			isa = XCConfigurationList;
			buildConfigurations = (
				19FFFD4A1723BAFC00E1E05E /* Debug */,
				19FFFD4B1723BAFC00E1E05E /* Release */,
			);
			defaultConfigurationIsVisible = 0;
			defaultConfigurationName = Release;
		};
		19FFFD4C1723BAFC00E1E05E /* Build configuration list for PBXNativeTarget "UILabelPadding" */ = {
			isa = XCConfigurationList;
			buildConfigurations = (
				19FFFD4D1723BAFC00E1E05E /* Debug */,
				19FFFD4E1723BAFC00E1E05E /* Release */,
			);
			defaultConfigurationIsVisible = 0;
		};
/* End XCConfigurationList section */
	};
	rootObject = 19FFFD1E1723BAFC00E1E05E /* Project object */;
}
